// !$*UTF8*$!
{
	archiveVersion = 1;
	classes = {
	};
	objectVersion = 77;
	objects = {

/* Begin PBXBuildFile section */
		000000000000000000001001 /* MaverickFieldApp.swift in Sources */ = {isa = PBXBuildFile; fileRef = 000000000000000000000002 /* MaverickFieldApp.swift */; };
		000000000000000000001002 /* Models.swift in Sources */ = {isa = PBXBuildFile; fileRef = 000000000000000000000003 /* Models.swift */; };
		000000000000000000001003 /* AppSettings.swift in Sources */ = {isa = PBXBuildFile; fileRef = 000000000000000000000004 /* AppSettings.swift */; };
		000000000000000000001004 /* MCCService.swift in Sources */ = {isa = PBXBuildFile; fileRef = 000000000000000000000005 /* MCCService.swift */; };
		000000000000000000001005 /* PersistenceManager.swift in Sources */ = {isa = PBXBuildFile; fileRef = 000000000000000000000006 /* PersistenceManager.swift */; };
		000000000000000000001006 /* SpeechManager.swift in Sources */ = {isa = PBXBuildFile; fileRef = 000000000000000000000007 /* SpeechManager.swift */; };
		000000000000000000001007 /* ContentView.swift in Sources */ = {isa = PBXBuildFile; fileRef = 000000000000000000000008 /* ContentView.swift */; };
		000000000000000000001008 /* ChatView.swift in Sources */ = {isa = PBXBuildFile; fileRef = 000000000000000000000009 /* ChatView.swift */; };
		000000000000000000001009 /* VoicePanelView.swift in Sources */ = {isa = PBXBuildFile; fileRef = 00000000000000000000000A /* VoicePanelView.swift */; };
		00000000000000000000100A /* EstimateBarView.swift in Sources */ = {isa = PBXBuildFile; fileRef = 00000000000000000000000B /* EstimateBarView.swift */; };
		00000000000000000000100B /* JobHistoryView.swift in Sources */ = {isa = PBXBuildFile; fileRef = 00000000000000000000000C /* JobHistoryView.swift */; };
		00000000000000000000100C /* FieldToolsView.swift in Sources */ = {isa = PBXBuildFile; fileRef = 00000000000000000000000D /* FieldToolsView.swift */; };
		00000000000000000000100D /* SettingsView.swift in Sources */ = {isa = PBXBuildFile; fileRef = 00000000000000000000000E /* SettingsView.swift */; };
		00000000000000000000100E /* Assets.xcassets in Resources */ = {isa = PBXBuildFile; fileRef = 00000000000000000000000F /* Assets.xcassets */; };
		00000000000000000000100F /* Speech.framework in Frameworks */ = {isa = PBXBuildFile; fileRef = 000000000000000000000010 /* Speech.framework */; };
		000000000000000000001010 /* AVFoundation.framework in Frameworks */ = {isa = PBXBuildFile; fileRef = 000000000000000000000011 /* AVFoundation.framework */; };
		000000000000000000001011 /* Photos.framework in Frameworks */ = {isa = PBXBuildFile; fileRef = 000000000000000000000012 /* Photos.framework */; };
		000000000000000000001012 /* EventKit.framework in Frameworks */ = {isa = PBXBuildFile; fileRef = 000000000000000000000013 /* EventKit.framework */; };
/* End PBXBuildFile section */

/* Begin PBXFileReference section */
		000000000000000000000002 /* MaverickFieldApp.swift */ = {isa = PBXFileReference; lastKnownFileType = sourcecode.swift; path = MaverickFieldApp.swift; sourceTree = "<group>"; };
		000000000000000000000003 /* Models.swift */ = {isa = PBXFileReference; lastKnownFileType = sourcecode.swift; path = Models.swift; sourceTree = "<group>"; };
		000000000000000000000004 /* AppSettings.swift */ = {isa = PBXFileReference; lastKnownFileType = sourcecode.swift; path = AppSettings.swift; sourceTree = "<group>"; };
		000000000000000000000005 /* MCCService.swift */ = {isa = PBXFileReference; lastKnownFileType = sourcecode.swift; path = MCCService.swift; sourceTree = "<group>"; };
		000000000000000000000006 /* PersistenceManager.swift */ = {isa = PBXFileReference; lastKnownFileType = sourcecode.swift; path = PersistenceManager.swift; sourceTree = "<group>"; };
		000000000000000000000007 /* SpeechManager.swift */ = {isa = PBXFileReference; lastKnownFileType = sourcecode.swift; path = SpeechManager.swift; sourceTree = "<group>"; };
		000000000000000000000008 /* ContentView.swift */ = {isa = PBXFileReference; lastKnownFileType = sourcecode.swift; path = ContentView.swift; sourceTree = "<group>"; };
		000000000000000000000009 /* ChatView.swift */ = {isa = PBXFileReference; lastKnownFileType = sourcecode.swift; path = ChatView.swift; sourceTree = "<group>"; };
		00000000000000000000000A /* VoicePanelView.swift */ = {isa = PBXFileReference; lastKnownFileType = sourcecode.swift; path = VoicePanelView.swift; sourceTree = "<group>"; };
		00000000000000000000000B /* EstimateBarView.swift */ = {isa = PBXFileReference; lastKnownFileType = sourcecode.swift; path = EstimateBarView.swift; sourceTree = "<group>"; };
		00000000000000000000000C /* JobHistoryView.swift */ = {isa = PBXFileReference; lastKnownFileType = sourcecode.swift; path = JobHistoryView.swift; sourceTree = "<group>"; };
		00000000000000000000000D /* FieldToolsView.swift */ = {isa = PBXFileReference; lastKnownFileType = sourcecode.swift; path = FieldToolsView.swift; sourceTree = "<group>"; };
		00000000000000000000000E /* SettingsView.swift */ = {isa = PBXFileReference; lastKnownFileType = sourcecode.swift; path = SettingsView.swift; sourceTree = "<group>"; };
		00000000000000000000000F /* Assets.xcassets */ = {isa = PBXFileReference; lastKnownFileType = folder.assetcatalog; path = Assets.xcassets; sourceTree = "<group>"; };
		000000000000000000000010 /* Speech.framework */ = {isa = PBXFileReference; lastKnownFileType = wrapper.framework; name = Speech.framework; path = System/Library/Frameworks/Speech.framework; sourceTree = SDKROOT; };
		000000000000000000000011 /* AVFoundation.framework */ = {isa = PBXFileReference; lastKnownFileType = wrapper.framework; name = AVFoundation.framework; path = System/Library/Frameworks/AVFoundation.framework; sourceTree = SDKROOT; };
		000000000000000000000012 /* Photos.framework */ = {isa = PBXFileReference; lastKnownFileType = wrapper.framework; name = Photos.framework; path = System/Library/Frameworks/Photos.framework; sourceTree = SDKROOT; };
		000000000000000000000013 /* EventKit.framework */ = {isa = PBXFileReference; lastKnownFileType = wrapper.framework; name = EventKit.framework; path = System/Library/Frameworks/EventKit.framework; sourceTree = SDKROOT; };
		000000000000000000000014 /* MaverickField.app */ = {isa = PBXFileReference; explicitFileType = wrapper.application; includeInIndex = 0; path = MaverickField.app; sourceTree = BUILT_PRODUCTS_DIR; };
/* End PBXFileReference section */

/* Begin PBXFrameworksBuildPhase section */
		000000000000000000003002 /* Frameworks */ = {
			isa = PBXFrameworksBuildPhase;
			buildActionMask = 2147483647;
			files = (
				00000000000000000000100F /* Speech.framework in Frameworks */,
				000000000000000000001010 /* AVFoundation.framework in Frameworks */,
				000000000000000000001011 /* Photos.framework in Frameworks */,
				000000000000000000001012 /* EventKit.framework in Frameworks */,
			);
			runOnlyForDeploymentPostprocessing = 0;
		};
/* End PBXFrameworksBuildPhase section */

/* Begin PBXGroup section */
		000000000000000000002001 /* root */ = {
			isa = PBXGroup;
			children = (
				000000000000000000002002 /* MaverickField */,
				000000000000000000002004 /* Frameworks */,
				000000000000000000002003 /* Products */,
			);
			sourceTree = "<group>";
		};
		000000000000000000002002 /* MaverickField */ = {
			isa = PBXGroup;
			children = (
				000000000000000000000002 /* MaverickFieldApp.swift */,
				000000000000000000000003 /* Models.swift */,
				000000000000000000000004 /* AppSettings.swift */,
				000000000000000000000005 /* MCCService.swift */,
				000000000000000000000006 /* PersistenceManager.swift */,
				000000000000000000000007 /* SpeechManager.swift */,
				000000000000000000000008 /* ContentView.swift */,
				000000000000000000000009 /* ChatView.swift */,
				00000000000000000000000A /* VoicePanelView.swift */,
				00000000000000000000000B /* EstimateBarView.swift */,
				00000000000000000000000C /* JobHistoryView.swift */,
				00000000000000000000000D /* FieldToolsView.swift */,
				00000000000000000000000E /* SettingsView.swift */,
				00000000000000000000000F /* Assets.xcassets */,
			);
			path = MaverickField;
			sourceTree = "<group>";
		};
		000000000000000000002003 /* Products */ = {
			isa = PBXGroup;
			children = (
				000000000000000000000014 /* MaverickField.app */,
			);
			name = Products;
			sourceTree = "<group>";
		};
		000000000000000000002004 /* Frameworks */ = {
			isa = PBXGroup;
			children = (
				000000000000000000000010 /* Speech.framework */,
				000000000000000000000011 /* AVFoundation.framework */,
				000000000000000000000012 /* Photos.framework */,
				000000000000000000000013 /* EventKit.framework */,
			);
			name = Frameworks;
			sourceTree = "<group>";
		};
/* End PBXGroup section */

/* Begin PBXNativeTarget section */
		000000000000000000005001 /* MaverickField */ = {
			isa = PBXNativeTarget;
			buildConfigurationList = 000000000000000000004005 /* Build configuration list for PBXNativeTarget "MaverickField" */;
			buildPhases = (
				000000000000000000003001 /* Sources */,
				000000000000000000003002 /* Frameworks */,
				000000000000000000003003 /* Resources */,
			);
			buildRules = (
			);
			dependencies = (
			);
			name = MaverickField;
			productName = MaverickField;
			productReference = 000000000000000000000014 /* MaverickField.app */;
			productType = "com.apple.product-type.application";
		};
/* End PBXNativeTarget section */

/* Begin PBXProject section */
		000000000000000000005002 /* Project object */ = {
			isa = PBXProject;
			attributes = {
				BuildIndependentTargetsInParallel = 1;
				LastSwiftUpdateCheck = 1600;
				LastUpgradeCheck = 1600;
				TargetAttributes = {
					000000000000000000005001 = {
						CreatedOnToolsVersion = 16.0;
					};
				};
			};
			buildConfigurationList = 000000000000000000004006 /* Build configuration list for PBXProject "MaverickField" */;
			compatibilityVersion = "Xcode 14.0";
			developmentRegion = en;
			hasScannedForEncodings = 0;
			knownRegions = (
				en,
				Base,
			);
			mainGroup = 000000000000000000002001;
			productRefGroup = 000000000000000000002003 /* Products */;
			projectDirPath = "";
			projectRoot = "";
			targets = (
				000000000000000000005001 /* MaverickField */,
			);
		};
/* End PBXProject section */

/* Begin PBXResourcesBuildPhase section */
		000000000000000000003003 /* Resources */ = {
			isa = PBXResourcesBuildPhase;
			buildActionMask = 2147483647;
			files = (
				00000000000000000000100E /* Assets.xcassets in Resources */,
			);
			runOnlyForDeploymentPostprocessing = 0;
		};
/* End PBXResourcesBuildPhase section */

/* Begin PBXSourcesBuildPhase section */
		000000000000000000003001 /* Sources */ = {
			isa = PBXSourcesBuildPhase;
			buildActionMask = 2147483647;
			files = (
				000000000000000000001001 /* MaverickFieldApp.swift in Sources */,
				000000000000000000001002 /* Models.swift in Sources */,
				000000000000000000001003 /* AppSettings.swift in Sources */,
				000000000000000000001004 /* MCCService.swift in Sources */,
				000000000000000000001005 /* PersistenceManager.swift in Sources */,
				000000000000000000001006 /* SpeechManager.swift in Sources */,
				000000000000000000001007 /* ContentView.swift in Sources */,
				000000000000000000001008 /* ChatView.swift in Sources */,
				000000000000000000001009 /* VoicePanelView.swift in Sources */,
				00000000000000000000100A /* EstimateBarView.swift in Sources */,
				00000000000000000000100B /* JobHistoryView.swift in Sources */,
				00000000000000000000100C /* FieldToolsView.swift in Sources */,
				00000000000000000000100D /* SettingsView.swift in Sources */,
			);
			runOnlyForDeploymentPostprocessing = 0;
		};
/* End PBXSourcesBuildPhase section */

/* Begin XCBuildConfiguration section */
		000000000000000000004001 /* Debug */ = {
			isa = XCBuildConfiguration;
			buildSettings = {
				ASSETCATALOG_COMPILER_APPICON_NAME = AppIcon;
				ASSETCATALOG_COMPILER_GLOBAL_ACCENT_COLOR_NAME = AccentColor;
				CODE_SIGN_STYLE = Automatic;
				CURRENT_PROJECT_VERSION = 1;
				GENERATE_INFOPLIST_FILE = YES;
				INFOPLIST_KEY_NSMicrophoneUsageDescription = "MaverickField uses the microphone for voice commands";
				INFOPLIST_KEY_NSSpeechRecognitionUsageDescription = "MaverickField transcribes your voice to chat with Maverick";
				INFOPLIST_KEY_NSCameraUsageDescription = "MaverickField uses the camera to attach job photos";
				INFOPLIST_KEY_NSPhotoLibraryUsageDescription = "MaverickField reads photos you select to attach to jobs";
				INFOPLIST_KEY_NSRemindersUsageDescription = "MaverickField can save job notes to your Reminders";
				INFOPLIST_KEY_UILaunchScreen_Generation = YES;
				INFOPLIST_KEY_UISupportedInterfaceOrientations = UIInterfaceOrientationPortrait;
				IPHONEOS_DEPLOYMENT_TARGET = 17.0;
				MARKETING_VERSION = "1.0";
				PRODUCT_BUNDLE_IDENTIFIER = "com.grizzly.maverick-field";
				PRODUCT_NAME = "$(TARGET_NAME)";
				SWIFT_EMIT_LOC_STRINGS = YES;
				SWIFT_STRICT_CONCURRENCY = minimal;
				SWIFT_VERSION = "5.0";
				TARGETED_DEVICE_FAMILY = 1;
			};
			name = Debug;
		};
		000000000000000000004002 /* Release */ = {
			isa = XCBuildConfiguration;
			buildSettings = {
				ASSETCATALOG_COMPILER_APPICON_NAME = AppIcon;
				ASSETCATALOG_COMPILER_GLOBAL_ACCENT_COLOR_NAME = AccentColor;
				CODE_SIGN_STYLE = Automatic;
				CURRENT_PROJECT_VERSION = 1;
				GENERATE_INFOPLIST_FILE = YES;
				INFOPLIST_KEY_NSMicrophoneUsageDescription = "MaverickField uses the microphone for voice commands";
				INFOPLIST_KEY_NSSpeechRecognitionUsageDescription = "MaverickField transcribes your voice to chat with Maverick";
				INFOPLIST_KEY_NSCameraUsageDescription = "MaverickField uses the camera to attach job photos";
				INFOPLIST_KEY_NSPhotoLibraryUsageDescription = "MaverickField reads photos you select to attach to jobs";
				INFOPLIST_KEY_NSRemindersUsageDescription = "MaverickField can save job notes to your Reminders";
				INFOPLIST_KEY_UILaunchScreen_Generation = YES;
				INFOPLIST_KEY_UISupportedInterfaceOrientations = UIInterfaceOrientationPortrait;
				IPHONEOS_DEPLOYMENT_TARGET = 17.0;
				MARKETING_VERSION = "1.0";
				PRODUCT_BUNDLE_IDENTIFIER = "com.grizzly.maverick-field";
				PRODUCT_NAME = "$(TARGET_NAME)";
				SWIFT_EMIT_LOC_STRINGS = YES;
				SWIFT_STRICT_CONCURRENCY = minimal;
				SWIFT_VERSION = "5.0";
				TARGETED_DEVICE_FAMILY = 1;
			};
			name = Release;
		};
		000000000000000000004003 /* Debug */ = {
			isa = XCBuildConfiguration;
			buildSettings = {
				ALWAYS_SEARCH_USER_PATHS = NO;
				CLANG_ANALYZER_NONNULL = YES;
				CLANG_ANALYZER_NUMBER_OBJECT_CONVERSION = YES_AGGRESSIVE;
				CLANG_CXX_LANGUAGE_STANDARD = "gnu++20";
				CLANG_ENABLE_MODULES = YES;
				CLANG_ENABLE_OBJC_ARC = YES;
				CLANG_ENABLE_OBJC_WEAK = YES;
				CLANG_WARN_BLOCK_CAPTURE_AUTORELEASING = YES;
				CLANG_WARN_BOOL_CONVERSION = YES;
				CLANG_WARN_COMMA = YES;
				CLANG_WARN_CONSTANT_CONVERSION = YES;
				CLANG_WARN_DEPRECATED_OBJC_IMPLEMENTATIONS = YES;
				CLANG_WARN_DIRECT_OBJC_ISA_USAGE = YES_ERROR;
				CLANG_WARN_DOCUMENTATION_COMMENTS = YES;
				CLANG_WARN_EMPTY_BODY = YES;
				CLANG_WARN_ENUM_CONVERSION = YES;
				CLANG_WARN_INFINITE_RECURSION = YES;
				CLANG_WARN_INT_CONVERSION = YES;
				CLANG_WARN_NON_LITERAL_NULL_CONVERSION = YES;
				CLANG_WARN_OBJC_IMPLICIT_RETAIN_CYCLE = YES;
				CLANG_WARN_OBJC_LITERAL_CONVERSION = YES;
				CLANG_WARN_OBJC_ROOT_CLASS = YES_ERROR;
				CLANG_WARN_RANGE_LOOP_ANALYSIS = YES;
				CLANG_WARN_STRICT_PROTOTYPES = YES;
				CLANG_WARN_SUSPICIOUS_MOVE = YES;
				CLANG_WARN_UNGUARDED_AVAILABILITY = YES_AGGRESSIVE;
				CLANG_WARN_UNREACHABLE_CODE = YES;
				CLANG_WARN__DUPLICATE_METHOD_MATCH = YES;
				COPY_PHASE_STRIP = NO;
				DEBUG_INFORMATION_FORMAT = dwarf;
				ENABLE_STRICT_OBJC_MSGSEND = YES;
				ENABLE_TESTABILITY = YES;
				GCC_C_LANGUAGE_STANDARD = gnu17;
				GCC_DYNAMIC_NO_PIC = NO;
				GCC_NO_COMMON_BLOCKS = YES;
				GCC_OPTIMIZATION_LEVEL = 0;
				GCC_PREPROCESSOR_DEFINITIONS = (
					"DEBUG=1",
					"$(inherited)",
				);
				GCC_WARN_64_TO_32_BIT_CONVERSION = YES;
				GCC_WARN_ABOUT_RETURN_TYPE = YES_ERROR;
				GCC_WARN_UNDECLARED_SELECTOR = YES;
				GCC_WARN_UNINITIALIZED_AUTOS = YES_AGGRESSIVE;
				GCC_WARN_UNUSED_FUNCTION = YES;
				GCC_WARN_UNUSED_VARIABLE = YES;
				IPHONEOS_DEPLOYMENT_TARGET = 17.0;
				MTL_ENABLE_DEBUG_INFO = INCLUDE_SOURCE;
				MTL_FAST_MATH = YES;
				ONLY_ACTIVE_ARCH = YES;
				SDKROOT = iphoneos;
				SWIFT_ACTIVE_COMPILATION_CONDITIONS = DEBUG;
				SWIFT_OPTIMIZATION_LEVEL = "-Onone";
			};
			name = Debug;
		};
		000000000000000000004004 /* Release */ = {
			isa = XCBuildConfiguration;
			buildSettings = {
				ALWAYS_SEARCH_USER_PATHS = NO;
				CLANG_ANALYZER_NONNULL = YES;
				CLANG_ANALYZER_NUMBER_OBJECT_CONVERSION = YES_AGGRESSIVE;
				CLANG_CXX_LANGUAGE_STANDARD = "gnu++20";
				CLANG_ENABLE_MODULES = YES;
				CLANG_ENABLE_OBJC_ARC = YES;
				CLANG_ENABLE_OBJC_WEAK = YES;
				CLANG_WARN_BLOCK_CAPTURE_AUTORELEASING = YES;
				CLANG_WARN_BOOL_CONVERSION = YES;
				CLANG_WARN_COMMA = YES;
				CLANG_WARN_CONSTANT_CONVERSION = YES;
				CLANG_WARN_DEPRECATED_OBJC_IMPLEMENTATIONS = YES;
				CLANG_WARN_DIRECT_OBJC_ISA_USAGE = YES_ERROR;
				CLANG_WARN_DOCUMENTATION_COMMENTS = YES;
				CLANG_WARN_EMPTY_BODY = YES;
				CLANG_WARN_ENUM_CONVERSION = YES;
				CLANG_WARN_INFINITE_RECURSION = YES;
				CLANG_WARN_INT_CONVERSION = YES;
				CLANG_WARN_NON_LITERAL_NULL_CONVERSION = YES;
				CLANG_WARN_OBJC_IMPLICIT_RETAIN_CYCLE = YES;
				CLANG_WARN_OBJC_LITERAL_CONVERSION = YES;
				CLANG_WARN_OBJC_ROOT_CLASS = YES_ERROR;
				CLANG_WARN_RANGE_LOOP_ANALYSIS = YES;
				CLANG_WARN_STRICT_PROTOTYPES = YES;
				CLANG_WARN_SUSPICIOUS_MOVE = YES;
				CLANG_WARN_UNGUARDED_AVAILABILITY = YES_AGGRESSIVE;
				CLANG_WARN_UNREACHABLE_CODE = YES;
				CLANG_WARN__DUPLICATE_METHOD_MATCH = YES;
				COPY_PHASE_STRIP = NO;
				DEBUG_INFORMATION_FORMAT = "dwarf-with-dsym";
				ENABLE_NS_ASSERTIONS = NO;
				ENABLE_STRICT_OBJC_MSGSEND = YES;
				GCC_C_LANGUAGE_STANDARD = gnu17;
				GCC_NO_COMMON_BLOCKS = YES;
				GCC_WARN_64_TO_32_BIT_CONVERSION = YES;
				GCC_WARN_ABOUT_RETURN_TYPE = YES_ERROR;
				GCC_WARN_UNDECLARED_SELECTOR = YES;
				GCC_WARN_UNINITIALIZED_AUTOS = YES_AGGRESSIVE;
				GCC_WARN_UNUSED_FUNCTION = YES;
				GCC_WARN_UNUSED_VARIABLE = YES;
				IPHONEOS_DEPLOYMENT_TARGET = 17.0;
				MTL_FAST_MATH = YES;
				SDKROOT = iphoneos;
				SWIFT_COMPILATION_MODE = wholemodule;
				SWIFT_OPTIMIZATION_LEVEL = "-O";
				VALIDATE_PRODUCT = YES;
			};
			name = Release;
		};
/* End XCBuildConfiguration section */

/* Begin XCConfigurationList section */
		000000000000000000004005 /* Build configuration list for PBXNativeTarget "MaverickField" */ = {
			isa = XCConfigurationList;
			buildConfigurations = (
				000000000000000000004001 /* Debug */,
				000000000000000000004002 /* Release */,
			);
			defaultConfigurationIsVisible = 0;
			defaultConfigurationName = Release;
		};
		000000000000000000004006 /* Build configuration list for PBXProject "MaverickField" */ = {
			isa = XCConfigurationList;
			buildConfigurations = (
				000000000000000000004003 /* Debug */,
				000000000000000000004004 /* Release */,
			);
			defaultConfigurationIsVisible = 0;
			defaultConfigurationName = Release;
		};
/* End XCConfigurationList section */

	};
	rootObject = 000000000000000000005002 /* Project object */;
}
